<?xml version="1.0" encoding="utf-8"?>
<Project ToolsVersion="4.0" xmlns="http://schemas.microsoft.com/developer/msbuild/2003">
  <ItemGroup>
    <Filter Include="Source Files">
      <UniqueIdentifier>{4FC737F1-C7A5-4376-A066-2A32D752A2FF}</UniqueIdentifier>
      <Extensions>cpp;c;cc;cxx;def;odl;idl;hpj;bat;asm;asmx</Extensions>
    </Filter>
    <Filter Include="Header Files">
      <UniqueIdentifier>{93995380-89BD-4b04-88EB-625FBE52EBFB}</UniqueIdentifier>
      <Extensions>h;hh;hpp;hxx;hm;inl;inc;xsd</Extensions>
    </Filter>
    <Filter Include="Resource Files">
      <UniqueIdentifier>{67DA6AB6-F800-4c08-8B7A-83BB121AAD01}</UniqueIdentifier>
      <Extensions>rc;ico;cur;bmp;dlg;rc2;rct;bin;rgs;gif;jpg;jpeg;jpe;resx;tiff;tif;png;wav;mfcribbon-ms</Extensions>
    </Filter>
    <Filter Include="Header Files\utilities">
      <UniqueIdentifier>{1e82f438-2173-4e43-a8d9-6d148856ce33}</UniqueIdentifier>
    </Filter>
    <Filter Include="Header Files\generate">
      <UniqueIdentifier>{4fbbf552-8b55-4c94-a1be-9f8d00c9679d}</UniqueIdentifier>
    </Filter>
    <Filter Include="Header Files\update">
      <UniqueIdentifier>{97a1d242-06d6-4758-87e6-b729b5663c1f}</UniqueIdentifier>
    </Filter>
    <Filter Include="Header Files\generate\add on">
      <UniqueIdentifier>{90f23a1d-2a76-49fe-a3bd-0ad3c3d36a5d}</UniqueIdentifier>
    </Filter>
    <Filter Include="Header Files\check">
      <UniqueIdentifier>{abcdf840-5fd5-44db-bb10-61bdc6dd678d}</UniqueIdentifier>
    </Filter>
    <Filter Include="Source Files\generate">
      <UniqueIdentifier>{95ac212e-05c6-40a2-9d63-ecfbcbf43ff4}</UniqueIdentifier>
    </Filter>
    <Filter Include="Source Files\generate\add on">
      <UniqueIdentifier>{8cdc39b4-3742-4e5f-8b9a-b50cbc066841}</UniqueIdentifier>
    </Filter>
    <Filter Include="Source Files\utilities">
      <UniqueIdentifier>{3865ff5a-9bcc-4573-b6be-1dd2ae2e3510}</UniqueIdentifier>
    </Filter>
    <Filter Include="Source Files\update">
      <UniqueIdentifier>{572307c4-8d8f-48c9-a870-6a7f2e5a4740}</UniqueIdentifier>
    </Filter>
    <Filter Include="Source Files\check">
      <UniqueIdentifier>{1ca2d9a0-4855-41fd-97cd-e8cccc5d5383}</UniqueIdentifier>
    </Filter>
  </ItemGroup>
  <ItemGroup>
    <ClCompile Include="Global.cpp">
      <Filter>Source Files</Filter>
    </ClCompile>
    <ClCompile Include="Logging\debugmsg.cpp">
      <Filter>Source Files</Filter>
    </ClCompile>
    <ClCompile Include="nemesisinfo.cpp">
      <Filter>Source Files</Filter>
    </ClCompile>
    <ClCompile Include="behaviorcheck.cpp">
      <Filter>Source Files\check</Filter>
    </ClCompile>
    <ClCompile Include="filechecker.cpp">
      <Filter>Source Files\check</Filter>
    </ClCompile>
    <ClCompile Include="add animation\playerexclusive.cpp">
      <Filter>Source Files\generate\add on</Filter>
    </ClCompile>
    <ClCompile Include="add animation\alternateanimation.cpp">
      <Filter>Source Files\generate\add on</Filter>
    </ClCompile>
    <ClCompile Include="add animation\animationdata.cpp">
      <Filter>Source Files\generate</Filter>
    </ClCompile>
    <ClCompile Include="add animation\animationinfo.cpp">
      <Filter>Source Files\generate</Filter>
    </ClCompile>
    <ClCompile Include="add animation\animationsetdata.cpp">
      <Filter>Source Files\generate</Filter>
    </ClCompile>
    <ClCompile Include="behaviorgenerator.cpp">
      <Filter>Source Files\generate</Filter>
    </ClCompile>
    <ClCompile Include="generator_utility.cpp">
      <Filter>Source Files\generate</Filter>
    </ClCompile>
    <ClCompile Include="add animation\gettemplate.cpp">
      <Filter>Source Files\generate</Filter>
    </ClCompile>
    <ClCompile Include="add animation\grouptemplate.cpp">
      <Filter>Source Files\generate</Filter>
    </ClCompile>
    <ClCompile Include="add animation\import.cpp">
      <Filter>Source Files\generate</Filter>
    </ClCompile>
    <ClCompile Include="add animation\singletemplate.cpp">
      <Filter>Source Files\generate</Filter>
    </ClCompile>
    <ClCompile Include="add animation\templateprocessing.cpp">
      <Filter>Source Files\generate</Filter>
    </ClCompile>
    <ClCompile Include="add animation\animationthread.cpp">
      <Filter>Source Files\utilities</Filter>
    </ClCompile>
    <ClCompile Include="animationutility.cpp">
      <Filter>Source Files\utilities</Filter>
    </ClCompile>
    <ClCompile Include="compute.cpp">
      <Filter>Source Files\utilities</Filter>
    </ClCompile>
    <ClCompile Include="add animation\furniture.cpp">
      <Filter>Source Files\generate</Filter>
    </ClCompile>
    <ClCompile Include="lastupdate.cpp">
      <Filter>Source Files\utilities</Filter>
    </ClCompile>
    <ClCompile Include="functions\renew.cpp">
      <Filter>Source Files\utilities</Filter>
    </ClCompile>
    <ClCompile Include="add animation\stringsplit.cpp">
      <Filter>Source Files\utilities</Filter>
    </ClCompile>
    <ClCompile Include="Nemesis Main GUI\src\utilities\wstrconvert.cpp">
      <Filter>Source Files\utilities</Filter>
    </ClCompile>
    <ClCompile Include="dataunification.cpp">
      <Filter>Source Files\update</Filter>
    </ClCompile>
    <ClCompile Include="functions\functionupdate.cpp">
      <Filter>Source Files\update</Filter>
    </ClCompile>
    <ClCompile Include="add animation\registeranimation.cpp">
      <Filter>Source Files\generate</Filter>
    </ClCompile>
    <ClCompile Include="add animation\optionlist.cpp">
      <Filter>Source Files\generate</Filter>
    </ClCompile>
    <ClCompile Include="Nemesis Main GUI\src\utilities\externalscript.cpp">
      <Filter>Source Files</Filter>
    </ClCompile>
    <ClCompile Include="add animation\nodejoint.cpp">
      <Filter>Source Files\generate</Filter>
    </ClCompile>
    <ClCompile Include="add animation\animationdatatracker.cpp">
      <Filter>Source Files\generate</Filter>
    </ClCompile>
  </ItemGroup>
  <ItemGroup>
    <ClInclude Include="Global.h">
      <Filter>Header Files</Filter>
    </ClInclude>
    <ClInclude Include="Logging\debugmsg.h">
      <Filter>Header Files</Filter>
    </ClInclude>
    <ClInclude Include="nemesisinfo.h">
      <Filter>Header Files</Filter>
    </ClInclude>
    <ClInclude Include="functions\functionupdate.h">
      <Filter>Header Files\update</Filter>
    </ClInclude>
    <ClInclude Include="dataunification.h">
      <Filter>Header Files\update</Filter>
    </ClInclude>
    <ClInclude Include="alphanum.hpp">
      <Filter>Header Files\utilities</Filter>
    </ClInclude>
    <ClInclude Include="functions\atomiclock.h">
      <Filter>Header Files\utilities</Filter>
    </ClInclude>
    <ClInclude Include="compute.h">
      <Filter>Header Files\utilities</Filter>
    </ClInclude>
    <ClInclude Include="functions\writetextfile.h">
      <Filter>Header Files\utilities</Filter>
    </ClInclude>
    <ClInclude Include="Nemesis Main GUI\src\utilities\wstrconvert.h">
      <Filter>Header Files\utilities</Filter>
    </ClInclude>
    <ClInclude Include="add animation\stringsplit.h">
      <Filter>Header Files\utilities</Filter>
    </ClInclude>
    <ClInclude Include="lastupdate.h">
      <Filter>Header Files\utilities</Filter>
    </ClInclude>
    <ClInclude Include="functions\readtextfile.h">
      <Filter>Header Files\utilities</Filter>
    </ClInclude>
    <ClInclude Include="add animation\grouptemplate.h">
      <Filter>Header Files\generate</Filter>
    </ClInclude>
    <ClInclude Include="add animation\gettemplate.h">
      <Filter>Header Files\generate</Filter>
    </ClInclude>
    <ClInclude Include="generator_utility.h">
      <Filter>Header Files\generate</Filter>
    </ClInclude>
    <ClInclude Include="add animation\furniture.h">
      <Filter>Header Files\generate</Filter>
    </ClInclude>
    <ClInclude Include="add animation\templateprocessing.h">
      <Filter>Header Files\generate</Filter>
    </ClInclude>
    <ClInclude Include="add animation\templatetree.h">
      <Filter>Header Files\generate</Filter>
    </ClInclude>
    <ClInclude Include="add animation\singletemplate.h">
      <Filter>Header Files\generate</Filter>
    </ClInclude>
    <ClInclude Include="behaviorgenerator.h">
      <Filter>Header Files\generate</Filter>
    </ClInclude>
    <ClInclude Include="add animation\alternateanimation.h">
      <Filter>Header Files\generate\add on</Filter>
    </ClInclude>
    <ClInclude Include="add animation\playerexclusive.h">
      <Filter>Header Files\generate\add on</Filter>
    </ClInclude>
    <ClInclude Include="add animation\animationdata.h">
      <Filter>Header Files\generate</Filter>
    </ClInclude>
    <ClInclude Include="add animation\animationsetdata.h">
      <Filter>Header Files\generate</Filter>
    </ClInclude>
    <ClInclude Include="add animation\animationinfo.h">
      <Filter>Header Files\generate</Filter>
    </ClInclude>
    <ClInclude Include="animationutility.h">
      <Filter>Header Files\utilities</Filter>
    </ClInclude>
    <ClInclude Include="add animation\animationthread.h">
      <Filter>Header Files\utilities</Filter>
    </ClInclude>
    <ClInclude Include="functions\bsasupport.h">
      <Filter>Header Files\generate\add on</Filter>
    </ClInclude>
    <ClInclude Include="functions\renew.h">
      <Filter>Header Files\utilities</Filter>
    </ClInclude>
    <ClInclude Include="add animation\import.h">
      <Filter>Header Files\generate</Filter>
    </ClInclude>
    <ClInclude Include="behaviorcheck.h">
      <Filter>Header Files\check</Filter>
    </ClInclude>
    <ClInclude Include="filechecker.h">
      <Filter>Header Files\check</Filter>
    </ClInclude>
    <ClInclude Include="add animation\registeranimation.h">
      <Filter>Header Files\generate</Filter>
    </ClInclude>
    <ClInclude Include="add animation\optionlist.h">
      <Filter>Header Files\generate</Filter>
    </ClInclude>
    <ClInclude Include="Nemesis Main GUI\src\utilities\externalscript.h">
      <Filter>Header Files</Filter>
    </ClInclude>
    <ClInclude Include="add animation\nodejoint.h">
      <Filter>Header Files\generate</Filter>
    </ClInclude>
    <ClInclude Include="add animation\animationdatatracker.h">
      <Filter>Header Files\generate</Filter>
    </ClInclude>
    <ClInclude Include="add animation\animationsetdatatype.h">
      <Filter>Header Files\generate</Filter>
    </ClInclude>
    <ClInclude Include="src\update\queuestack.h">
      <Filter>Header Files\update</Filter>
    </ClInclude>
  </ItemGroup>
</Project>