<?xml version="1.0" encoding="utf-8"?>
<Project ToolsVersion="4.0" xmlns="http://schemas.microsoft.com/developer/msbuild/2003">
  <ItemGroup>
    <ClCompile Include="main.cpp" />
    <ClCompile Include="NemesisMainGUI.cpp">
      <Filter>Source Files</Filter>
    </ClCompile>
    <ClCompile Include="src\BehaviorListModel.cpp">
      <Filter>Source Files</Filter>
    </ClCompile>
    <ClCompile Include="src\ScrollBar.cpp">
      <Filter>Source Files</Filter>
    </ClCompile>
    <ClCompile Include="BehaviorListView.cpp">
      <Filter>Source Files</Filter>
    </ClCompile>
    <ClCompile Include="src\SettingsSave.cpp">
      <Filter>Source Files</Filter>
    </ClCompile>
    <ClCompile Include="src\AnimProgressBar.cpp">
      <Filter>Source Files</Filter>
    </ClCompile>
    <ClCompile Include="src\BehaviorListRowColor.cpp">
      <Filter>Source Files</Filter>
    </ClCompile>
    <ClCompile Include="ErrorMsgBox.cpp">
      <Filter>Source Files</Filter>
    </ClCompile>
    <ClCompile Include="src\MultiInstanceCheck.cpp">
      <Filter>Source Files</Filter>
    </ClCompile>
    <ClCompile Include="src\BehaviorInfo.cpp">
      <Filter>Source Files</Filter>
    </ClCompile>
    <ClCompile Include="src\utilities\addevents.cpp">
      <Filter>Source Files\Processing</Filter>
    </ClCompile>
    <ClCompile Include="master.cpp">
      <Filter>Source Files\Processing</Filter>
    </ClCompile>
    <ClCompile Include="src\utilities\addvariables.cpp">
      <Filter>Source Files\Processing</Filter>
    </ClCompile>
    <ClCompile Include="src\utilities\addanims.cpp">
      <Filter>Source Files\Processing</Filter>
    </ClCompile>
    <ClCompile Include="src\DebugLog.cpp">
      <Filter>Source Files</Filter>
    </ClCompile>
  </ItemGroup>
  <ItemGroup>
    <Filter Include="Resource Files">
      <UniqueIdentifier>{D9D6E242-F8AF-46E4-B9FD-80ECBC20BA3E}</UniqueIdentifier>
      <Extensions>qrc;*</Extensions>
      <ParseFiles>false</ParseFiles>
    </Filter>
    <Filter Include="Source Files">
      <UniqueIdentifier>{4FC737F1-C7A5-4376-A066-2A32D752A2FF}</UniqueIdentifier>
      <Extensions>cpp;c;cc;cxx;def;odl;idl;hpj;bat;asm;asmx</Extensions>
      <ParseFiles>true</ParseFiles>
    </Filter>
    <Filter Include="Header Files">
      <UniqueIdentifier>{93995380-89BD-4b04-88EB-625FBE52EBFB}</UniqueIdentifier>
      <Extensions>h;hh;hpp;hxx;hm;inl;inc;xsd</Extensions>
      <ParseFiles>true</ParseFiles>
    </Filter>
    <Filter Include="Form Files">
      <UniqueIdentifier>{99349809-55BA-4b9d-BF79-8FDBB0286EB3}</UniqueIdentifier>
      <Extensions>ui</Extensions>
      <ParseFiles>true</ParseFiles>
    </Filter>
    <Filter Include="Header Files\Processing">
      <UniqueIdentifier>{57fef6ad-a9dc-47c1-ab8a-fc9c74409332}</UniqueIdentifier>
    </Filter>
    <Filter Include="Source Files\Processing">
      <UniqueIdentifier>{b8181138-9eec-4072-926d-19f51c3de8b0}</UniqueIdentifier>
    </Filter>
  </ItemGroup>
  <ItemGroup>
    <QtUic Include="NemesisMainGUI.ui">
      <Filter>Form Files</Filter>
    </QtUic>
  </ItemGroup>
  <ItemGroup>
    <QtRcc Include="NemesisMainGUI.qrc">
      <Filter>Resource Files</Filter>
    </QtRcc>
  </ItemGroup>
  <ItemGroup>
    <QtMoc Include="NemesisMainGUI.h">
      <Filter>Header Files</Filter>
    </QtMoc>
    <QtMoc Include="BehaviorListView.h">
      <Filter>Header Files</Filter>
    </QtMoc>
    <QtMoc Include="src\AnimProgressBar.h">
      <Filter>Header Files</Filter>
    </QtMoc>
    <QtMoc Include="src\BehaviorListModel.h">
      <Filter>Header Files</Filter>
    </QtMoc>
    <QtMoc Include="master.h">
      <Filter>Header Files\Processing</Filter>
    </QtMoc>
  </ItemGroup>
  <ItemGroup>
    <ClInclude Include="src\BehaviorInfo.h">
      <Filter>Header Files</Filter>
    </ClInclude>
    <ClInclude Include="src\ScrollBar.h">
      <Filter>Header Files</Filter>
    </ClInclude>
    <ClInclude Include="src\SettingsSave.h">
      <Filter>Header Files</Filter>
    </ClInclude>
    <ClInclude Include="src\BehaviorListRowColor.h">
      <Filter>Header Files</Filter>
    </ClInclude>
    <ClInclude Include="ErrorMsgBox.h">
      <Filter>Header Files</Filter>
    </ClInclude>
    <ClInclude Include="src\MultiInstanceCheck.h">
      <Filter>Header Files</Filter>
    </ClInclude>
    <ClInclude Include="src\utilities\addevents.h">
      <Filter>Header Files\Processing</Filter>
    </ClInclude>
    <ClInclude Include="src\utilities\addvariables.h">
      <Filter>Header Files\Processing</Filter>
    </ClInclude>
    <ClInclude Include="src\utilities\addanims.h">
      <Filter>Header Files\Processing</Filter>
    </ClInclude>
    <ClInclude Include="src\DebugLog.h">
      <Filter>Header Files</Filter>
    </ClInclude>
  </ItemGroup>
</Project>